// !$*UTF8*$!
{
	archiveVersion = 1;
	classes = {
	};
	objectVersion = 50;
	objects = {

/* Begin PBXBuildFile section */
		22A0D23A2546F4FE00A362EE /* AppDelegate.swift in Sources */ = {isa = PBXBuildFile; fileRef = 22A0D2392546F4FE00A362EE /* AppDelegate.swift */; };
		22A0D23C2546F4FE00A362EE /* SceneDelegate.swift in Sources */ = {isa = PBXBuildFile; fileRef = 22A0D23B2546F4FE00A362EE /* SceneDelegate.swift */; };
		22A0D23E2546F4FE00A362EE /* ViewController.swift in Sources */ = {isa = PBXBuildFile; fileRef = 22A0D23D2546F4FE00A362EE /* ViewController.swift */; };
		22A0D2412546F4FE00A362EE /* Main.storyboard in Resources */ = {isa = PBXBuildFile; fileRef = 22A0D23F2546F4FE00A362EE /* Main.storyboard */; };
		22A0D2432546F50100A362EE /* Assets.xcassets in Resources */ = {isa = PBXBuildFile; fileRef = 22A0D2422546F50100A362EE /* Assets.xcassets */; };
		22A0D2462546F50100A362EE /* LaunchScreen.storyboard in Resources */ = {isa = PBXBuildFile; fileRef = 22A0D2442546F50100A362EE /* LaunchScreen.storyboard */; };
		9536A8564CF1306E4D4DF190 /* Pods_SlideAbleButtonTestProject.framework in Frameworks */ = {isa = PBXBuildFile; fileRef = D095B6F7984354AD2BDD1993 /* Pods_SlideAbleButtonTestProject.framework */; };
/* End PBXBuildFile section */

/* Begin PBXCopyFilesBuildPhase section */
		22A0D2622546F78300A362EE /* Embed Frameworks */ = {
			isa = PBXCopyFilesBuildPhase;
			buildActionMask = 2147483647;
			dstPath = "";
			dstSubfolderSpec = 10;
			files = (
			);
			name = "Embed Frameworks";
			runOnlyForDeploymentPostprocessing = 0;
		};
/* End PBXCopyFilesBuildPhase section */

/* Begin PBXFileReference section */
		0526C643676FFB0249088BF2 /* Pods-SlideAbleButtonTestProject.release.xcconfig */ = {isa = PBXFileReference; includeInIndex = 1; lastKnownFileType = text.xcconfig; name = "Pods-SlideAbleButtonTestProject.release.xcconfig"; path = "Target Support Files/Pods-SlideAbleButtonTestProject/Pods-SlideAbleButtonTestProject.release.xcconfig"; sourceTree = "<group>"; };
		0FA1EE7ED660AF1C2C0916BB /* Pods-SlideAbleButtonTestProject.debug.xcconfig */ = {isa = PBXFileReference; includeInIndex = 1; lastKnownFileType = text.xcconfig; name = "Pods-SlideAbleButtonTestProject.debug.xcconfig"; path = "Target Support Files/Pods-SlideAbleButtonTestProject/Pods-SlideAbleButtonTestProject.debug.xcconfig"; sourceTree = "<group>"; };
		22A0D2362546F4FE00A362EE /* SlideAbleButtonTestProject.app */ = {isa = PBXFileReference; explicitFileType = wrapper.application; includeInIndex = 0; path = SlideAbleButtonTestProject.app; sourceTree = BUILT_PRODUCTS_DIR; };
		22A0D2392546F4FE00A362EE /* AppDelegate.swift */ = {isa = PBXFileReference; lastKnownFileType = sourcecode.swift; path = AppDelegate.swift; sourceTree = "<group>"; };
		22A0D23B2546F4FE00A362EE /* SceneDelegate.swift */ = {isa = PBXFileReference; lastKnownFileType = sourcecode.swift; path = SceneDelegate.swift; sourceTree = "<group>"; };
		22A0D23D2546F4FE00A362EE /* ViewController.swift */ = {isa = PBXFileReference; lastKnownFileType = sourcecode.swift; path = ViewController.swift; sourceTree = "<group>"; };
		22A0D2402546F4FE00A362EE /* Base */ = {isa = PBXFileReference; lastKnownFileType = file.storyboard; name = Base; path = Base.lproj/Main.storyboard; sourceTree = "<group>"; };
		22A0D2422546F50100A362EE /* Assets.xcassets */ = {isa = PBXFileReference; lastKnownFileType = folder.assetcatalog; path = Assets.xcassets; sourceTree = "<group>"; };
		22A0D2452546F50100A362EE /* Base */ = {isa = PBXFileReference; lastKnownFileType = file.storyboard; name = Base; path = Base.lproj/LaunchScreen.storyboard; sourceTree = "<group>"; };
		22A0D2472546F50100A362EE /* Info.plist */ = {isa = PBXFileReference; lastKnownFileType = text.plist.xml; path = Info.plist; sourceTree = "<group>"; };
		D095B6F7984354AD2BDD1993 /* Pods_SlideAbleButtonTestProject.framework */ = {isa = PBXFileReference; explicitFileType = wrapper.framework; includeInIndex = 0; path = Pods_SlideAbleButtonTestProject.framework; sourceTree = BUILT_PRODUCTS_DIR; };
/* End PBXFileReference section */

/* Begin PBXFrameworksBuildPhase section */
		22A0D2332546F4FE00A362EE /* Frameworks */ = {
			isa = PBXFrameworksBuildPhase;
			buildActionMask = 2147483647;
			files = (
				9536A8564CF1306E4D4DF190 /* Pods_SlideAbleButtonTestProject.framework in Frameworks */,
			);
			runOnlyForDeploymentPostprocessing = 0;
		};
/* End PBXFrameworksBuildPhase section */

/* Begin PBXGroup section */
		104DE75FA05E89FE637EB3F2 /* Pods */ = {
			isa = PBXGroup;
			children = (
				0FA1EE7ED660AF1C2C0916BB /* Pods-SlideAbleButtonTestProject.debug.xcconfig */,
				0526C643676FFB0249088BF2 /* Pods-SlideAbleButtonTestProject.release.xcconfig */,
			);
			name = Pods;
			path = Pods;
			sourceTree = "<group>";
		};
		22A0D22D2546F4FE00A362EE = {
			isa = PBXGroup;
			children = (
				22A0D2382546F4FE00A362EE /* SlideAbleButtonTestProject */,
				22A0D2372546F4FE00A362EE /* Products */,
				22A0D25F2546F78200A362EE /* Frameworks */,
				104DE75FA05E89FE637EB3F2 /* Pods */,
			);
			sourceTree = "<group>";
		};
		22A0D2372546F4FE00A362EE /* Products */ = {
			isa = PBXGroup;
			children = (
				22A0D2362546F4FE00A362EE /* SlideAbleButtonTestProject.app */,
			);
			name = Products;
			sourceTree = "<group>";
		};
		22A0D2382546F4FE00A362EE /* SlideAbleButtonTestProject */ = {
			isa = PBXGroup;
			children = (
				22A0D2392546F4FE00A362EE /* AppDelegate.swift */,
				22A0D23B2546F4FE00A362EE /* SceneDelegate.swift */,
				22A0D23D2546F4FE00A362EE /* ViewController.swift */,
				22A0D23F2546F4FE00A362EE /* Main.storyboard */,
				22A0D2422546F50100A362EE /* Assets.xcassets */,
				22A0D2442546F50100A362EE /* LaunchScreen.storyboard */,
				22A0D2472546F50100A362EE /* Info.plist */,
			);
			path = SlideAbleButtonTestProject;
			sourceTree = "<group>";
		};
		22A0D25F2546F78200A362EE /* Frameworks */ = {
			isa = PBXGroup;
			children = (
				D095B6F7984354AD2BDD1993 /* Pods_SlideAbleButtonTestProject.framework */,
			);
			name = Frameworks;
			sourceTree = "<group>";
		};
/* End PBXGroup section */

/* Begin PBXNativeTarget section */
		22A0D2352546F4FE00A362EE /* SlideAbleButtonTestProject */ = {
			isa = PBXNativeTarget;
			buildConfigurationList = 22A0D24A2546F50100A362EE /* Build configuration list for PBXNativeTarget "SlideAbleButtonTestProject" */;
			buildPhases = (
				6986D65996D6998EDB24C371 /* [CP] Check Pods Manifest.lock */,
				22A0D2322546F4FE00A362EE /* Sources */,
				22A0D2332546F4FE00A362EE /* Frameworks */,
				22A0D2342546F4FE00A362EE /* Resources */,
				22A0D2622546F78300A362EE /* Embed Frameworks */,
				6E86B0AC2973F28C1803ADDB /* [CP] Embed Pods Frameworks */,
			);
			buildRules = (
			);
			dependencies = (
			);
			name = SlideAbleButtonTestProject;
			productName = SlideAbleButtonTestProject;
			productReference = 22A0D2362546F4FE00A362EE /* SlideAbleButtonTestProject.app */;
			productType = "com.apple.product-type.application";
		};
/* End PBXNativeTarget section */

/* Begin PBXProject section */
		22A0D22E2546F4FE00A362EE /* Project object */ = {
			isa = PBXProject;
			attributes = {
				LastSwiftUpdateCheck = 1160;
				LastUpgradeCheck = 1160;
				ORGANIZATIONNAME = CodeRecipe;
				TargetAttributes = {
					22A0D2352546F4FE00A362EE = {
						CreatedOnToolsVersion = 11.6;
					};
				};
			};
			buildConfigurationList = 22A0D2312546F4FE00A362EE /* Build configuration list for PBXProject "SlideAbleButtonTestProject" */;
			compatibilityVersion = "Xcode 9.3";
			developmentRegion = en;
			hasScannedForEncodings = 0;
			knownRegions = (
				en,
				Base,
			);
			mainGroup = 22A0D22D2546F4FE00A362EE;
			productRefGroup = 22A0D2372546F4FE00A362EE /* Products */;
			projectDirPath = "";
			projectRoot = "";
			targets = (
				22A0D2352546F4FE00A362EE /* SlideAbleButtonTestProject */,
			);
		};
/* End PBXProject section */

/* Begin PBXResourcesBuildPhase section */
		22A0D2342546F4FE00A362EE /* Resources */ = {
			isa = PBXResourcesBuildPhase;
			buildActionMask = 2147483647;
			files = (
				22A0D2462546F50100A362EE /* LaunchScreen.storyboard in Resources */,
				22A0D2432546F50100A362EE /* Assets.xcassets in Resources */,
				22A0D2412546F4FE00A362EE /* Main.storyboard in Resources */,
			);
			runOnlyForDeploymentPostprocessing = 0;
		};
/* End PBXResourcesBuildPhase section */

/* Begin PBXShellScriptBuildPhase section */
		6986D65996D6998EDB24C371 /* [CP] Check Pods Manifest.lock */ = {
			isa = PBXShellScriptBuildPhase;
			buildActionMask = 2147483647;
			files = (
			);
			inputFileListPaths = (
			);
			inputPaths = (
				"${PODS_PODFILE_DIR_PATH}/Podfile.lock",
				"${PODS_ROOT}/Manifest.lock",
			);
			name = "[CP] Check Pods Manifest.lock";
			outputFileListPaths = (
			);
			outputPaths = (
				"$(DERIVED_FILE_DIR)/Pods-SlideAbleButtonTestProject-checkManifestLockResult.txt",
			);
			runOnlyForDeploymentPostprocessing = 0;
			shellPath = /bin/sh;
			shellScript = "diff \"${PODS_PODFILE_DIR_PATH}/Podfile.lock\" \"${PODS_ROOT}/Manifest.lock\" > /dev/null\nif [ $? != 0 ] ; then\n    # print error to STDERR\n    echo \"error: The sandbox is not in sync with the Podfile.lock. Run 'pod install' or update your CocoaPods installation.\" >&2\n    exit 1\nfi\n# This output is used by Xcode 'outputs' to avoid re-running this script phase.\necho \"SUCCESS\" > \"${SCRIPT_OUTPUT_FILE_0}\"\n";
			showEnvVarsInLog = 0;
		};
		6E86B0AC2973F28C1803ADDB /* [CP] Embed Pods Frameworks */ = {
			isa = PBXShellScriptBuildPhase;
			buildActionMask = 2147483647;
			files = (
			);
			inputFileListPaths = (
				"${PODS_ROOT}/Target Support Files/Pods-SlideAbleButtonTestProject/Pods-SlideAbleButtonTestProject-frameworks-${CONFIGURATION}-input-files.xcfilelist",
			);
			name = "[CP] Embed Pods Frameworks";
			outputFileListPaths = (
				"${PODS_ROOT}/Target Support Files/Pods-SlideAbleButtonTestProject/Pods-SlideAbleButtonTestProject-frameworks-${CONFIGURATION}-output-files.xcfilelist",
			);
			runOnlyForDeploymentPostprocessing = 0;
			shellPath = /bin/sh;
			shellScript = "\"${PODS_ROOT}/Target Support Files/Pods-SlideAbleButtonTestProject/Pods-SlideAbleButtonTestProject-frameworks.sh\"\n";
			showEnvVarsInLog = 0;
		};
/* End PBXShellScriptBuildPhase section */

/* Begin PBXSourcesBuildPhase section */
		22A0D2322546F4FE00A362EE /* Sources */ = {
			isa = PBXSourcesBuildPhase;
			buildActionMask = 2147483647;
			files = (
				22A0D23E2546F4FE00A362EE /* ViewController.swift in Sources */,
				22A0D23A2546F4FE00A362EE /* AppDelegate.swift in Sources */,
				22A0D23C2546F4FE00A362EE /* SceneDelegate.swift in Sources */,
			);
			runOnlyForDeploymentPostprocessing = 0;
		};
/* End PBXSourcesBuildPhase section */

/* Begin PBXVariantGroup section */
		22A0D23F2546F4FE00A362EE /* Main.storyboard */ = {
			isa = PBXVariantGroup;
			children = (
				22A0D2402546F4FE00A362EE /* Base */,
			);
			name = Main.storyboard;
			sourceTree = "<group>";
		};
		22A0D2442546F50100A362EE /* LaunchScreen.storyboard */ = {
			isa = PBXVariantGroup;
			children = (
				22A0D2452546F50100A362EE /* Base */,
			);
			name = LaunchScreen.storyboard;
			sourceTree = "<group>";
		};
/* End PBXVariantGroup section */

/* Begin XCBuildConfiguration section */
		22A0D2482546F50100A362EE /* Debug */ = {
			isa = XCBuildConfiguration;
			buildSettings = {
				ALWAYS_SEARCH_USER_PATHS = NO;
				CLANG_ANALYZER_NONNULL = YES;
				CLANG_ANALYZER_NUMBER_OBJECT_CONVERSION = YES_AGGRESSIVE;
				CLANG_CXX_LANGUAGE_STANDARD = "gnu++14";
				CLANG_CXX_LIBRARY = "libc++";
				CLANG_ENABLE_MODULES = YES;
				CLANG_ENABLE_OBJC_ARC = YES;
				CLANG_ENABLE_OBJC_WEAK = YES;
				CLANG_WARN_BLOCK_CAPTURE_AUTORELEASING = YES;
				CLANG_WARN_BOOL_CONVERSION = YES;
				CLANG_WARN_COMMA = YES;
				CLANG_WARN_CONSTANT_CONVERSION = YES;
				CLANG_WARN_DEPRECATED_OBJC_IMPLEMENTATIONS = YES;
				CLANG_WARN_DIRECT_OBJC_ISA_USAGE = YES_ERROR;
				CLANG_WARN_DOCUMENTATION_COMMENTS = YES;
				CLANG_WARN_EMPTY_BODY = YES;
				CLANG_WARN_ENUM_CONVERSION = YES;
				CLANG_WARN_INFINITE_RECURSION = YES;
				CLANG_WARN_INT_CONVERSION = YES;
				CLANG_WARN_NON_LITERAL_NULL_CONVERSION = YES;
				CLANG_WARN_OBJC_IMPLICIT_RETAIN_SELF = YES;
				CLANG_WARN_OBJC_LITERAL_CONVERSION = YES;
				CLANG_WARN_OBJC_ROOT_CLASS = YES_ERROR;
				CLANG_WARN_RANGE_LOOP_ANALYSIS = YES;
				CLANG_WARN_STRICT_PROTOTYPES = YES;
				CLANG_WARN_SUSPICIOUS_MOVE = YES;
				CLANG_WARN_UNGUARDED_AVAILABILITY = YES_AGGRESSIVE;
				CLANG_WARN_UNREACHABLE_CODE = YES;
				CLANG_WARN__DUPLICATE_METHOD_MATCH = YES;
				COPY_PHASE_STRIP = NO;
				DEBUG_INFORMATION_FORMAT = dwarf;
				ENABLE_STRICT_OBJC_MSGSEND = YES;
				ENABLE_TESTABILITY = YES;
				GCC_C_LANGUAGE_STANDARD = gnu11;
				GCC_DYNAMIC_NO_PIC = NO;
				GCC_NO_COMMON_BLOCKS = YES;
				GCC_OPTIMIZATION_LEVEL = 0;
				GCC_PREPROCESSOR_DEFINITIONS = (
					"DEBUG=1",
					"$(inherited)",
				);
				GCC_WARN_64_TO_32_BIT_CONVERSION = YES;
				GCC_WARN_ABOUT_RETURN_TYPE = YES_ERROR;
				GCC_WARN_UNDECLARED_SELECTOR = YES;
				GCC_WARN_UNINITIALIZED_AUTOS = YES_AGGRESSIVE;
				GCC_WARN_UNUSED_FUNCTION = YES;
				GCC_WARN_UNUSED_VARIABLE = YES;
				IPHONEOS_DEPLOYMENT_TARGET = 13.6;
				MTL_ENABLE_DEBUG_INFO = INCLUDE_SOURCE;
				MTL_FAST_MATH = YES;
				ONLY_ACTIVE_ARCH = YES;
				SDKROOT = iphoneos;
				SWIFT_ACTIVE_COMPILATION_CONDITIONS = DEBUG;
				SWIFT_OPTIMIZATION_LEVEL = "-Onone";
			};
			name = Debug;
		};
		22A0D2492546F50100A362EE /* Release */ = {
			isa = XCBuildConfiguration;
			buildSettings = {
				ALWAYS_SEARCH_USER_PATHS = NO;
				CLANG_ANALYZER_NONNULL = YES;
				CLANG_ANALYZER_NUMBER_OBJECT_CONVERSION = YES_AGGRESSIVE;
				CLANG_CXX_LANGUAGE_STANDARD = "gnu++14";
				CLANG_CXX_LIBRARY = "libc++";
				CLANG_ENABLE_MODULES = YES;
				CLANG_ENABLE_OBJC_ARC = YES;
				CLANG_ENABLE_OBJC_WEAK = YES;
				CLANG_WARN_BLOCK_CAPTURE_AUTORELEASING = YES;
				CLANG_WARN_BOOL_CONVERSION = YES;
				CLANG_WARN_COMMA = YES;
				CLANG_WARN_CONSTANT_CONVERSION = YES;
				CLANG_WARN_DEPRECATED_OBJC_IMPLEMENTATIONS = YES;
				CLANG_WARN_DIRECT_OBJC_ISA_USAGE = YES_ERROR;
				CLANG_WARN_DOCUMENTATION_COMMENTS = YES;
				CLANG_WARN_EMPTY_BODY = YES;
				CLANG_WARN_ENUM_CONVERSION = YES;
				CLANG_WARN_INFINITE_RECURSION = YES;
				CLANG_WARN_INT_CONVERSION = YES;
				CLANG_WARN_NON_LITERAL_NULL_CONVERSION = YES;
				CLANG_WARN_OBJC_IMPLICIT_RETAIN_SELF = YES;
				CLANG_WARN_OBJC_LITERAL_CONVERSION = YES;
				CLANG_WARN_OBJC_ROOT_CLASS = YES_ERROR;
				CLANG_WARN_RANGE_LOOP_ANALYSIS = YES;
				CLANG_WARN_STRICT_PROTOTYPES = YES;
				CLANG_WARN_SUSPICIOUS_MOVE = YES;
				CLANG_WARN_UNGUARDED_AVAILABILITY = YES_AGGRESSIVE;
				CLANG_WARN_UNREACHABLE_CODE = YES;
				CLANG_WARN__DUPLICATE_METHOD_MATCH = YES;
				COPY_PHASE_STRIP = NO;
				DEBUG_INFORMATION_FORMAT = "dwarf-with-dsym";
				ENABLE_NS_ASSERTIONS = NO;
				ENABLE_STRICT_OBJC_MSGSEND = YES;
				GCC_C_LANGUAGE_STANDARD = gnu11;
				GCC_NO_COMMON_BLOCKS = YES;
				GCC_WARN_64_TO_32_BIT_CONVERSION = YES;
				GCC_WARN_ABOUT_RETURN_TYPE = YES_ERROR;
				GCC_WARN_UNDECLARED_SELECTOR = YES;
				GCC_WARN_UNINITIALIZED_AUTOS = YES_AGGRESSIVE;
				GCC_WARN_UNUSED_FUNCTION = YES;
				GCC_WARN_UNUSED_VARIABLE = YES;
				IPHONEOS_DEPLOYMENT_TARGET = 13.6;
				MTL_ENABLE_DEBUG_INFO = NO;
				MTL_FAST_MATH = YES;
				SDKROOT = iphoneos;
				SWIFT_COMPILATION_MODE = wholemodule;
				SWIFT_OPTIMIZATION_LEVEL = "-O";
				VALIDATE_PRODUCT = YES;
			};
			name = Release;
		};
		22A0D24B2546F50100A362EE /* Debug */ = {
			isa = XCBuildConfiguration;
			baseConfigurationReference = 0FA1EE7ED660AF1C2C0916BB /* Pods-SlideAbleButtonTestProject.debug.xcconfig */;
			buildSettings = {
				ASSETCATALOG_COMPILER_APPICON_NAME = AppIcon;
				CODE_SIGN_STYLE = Automatic;
				DEVELOPMENT_TEAM = 4RPP584LKW;
				INFOPLIST_FILE = SlideAbleButtonTestProject/Info.plist;
				LD_RUNPATH_SEARCH_PATHS = (
					"$(inherited)",
					"@executable_path/Frameworks",
				);
				PRODUCT_BUNDLE_IDENTIFIER = com.CodeRecipe.SlideAbleButtonTestProject;
				PRODUCT_NAME = "$(TARGET_NAME)";
				SWIFT_VERSION = 5.0;
				TARGETED_DEVICE_FAMILY = "1,2";
			};
			name = Debug;
		};
		22A0D24C2546F50100A362EE /* Release */ = {
			isa = XCBuildConfiguration;
			baseConfigurationReference = 0526C643676FFB0249088BF2 /* Pods-SlideAbleButtonTestProject.release.xcconfig */;
			buildSettings = {
				ASSETCATALOG_COMPILER_APPICON_NAME = AppIcon;
				CODE_SIGN_STYLE = Automatic;
				DEVELOPMENT_TEAM = 4RPP584LKW;
				INFOPLIST_FILE = SlideAbleButtonTestProject/Info.plist;
				LD_RUNPATH_SEARCH_PATHS = (
					"$(inherited)",
					"@executable_path/Frameworks",
				);
				PRODUCT_BUNDLE_IDENTIFIER = com.CodeRecipe.SlideAbleButtonTestProject;
				PRODUCT_NAME = "$(TARGET_NAME)";
				SWIFT_VERSION = 5.0;
				TARGETED_DEVICE_FAMILY = "1,2";
			};
			name = Release;
		};
/* End XCBuildConfiguration section */

/* Begin XCConfigurationList section */
		22A0D2312546F4FE00A362EE /* Build configuration list for PBXProject "SlideAbleButtonTestProject" */ = {
			isa = XCConfigurationList;
			buildConfigurations = (
				22A0D2482546F50100A362EE /* Debug */,
				22A0D2492546F50100A362EE /* Release */,
			);
			defaultConfigurationIsVisible = 0;
			defaultConfigurationName = Release;
		};
		22A0D24A2546F50100A362EE /* Build configuration list for PBXNativeTarget "SlideAbleButtonTestProject" */ = {
			isa = XCConfigurationList;
			buildConfigurations = (
				22A0D24B2546F50100A362EE /* Debug */,
				22A0D24C2546F50100A362EE /* Release */,
			);
			defaultConfigurationIsVisible = 0;
			defaultConfigurationName = Release;
		};
/* End XCConfigurationList section */
	};
	rootObject = 22A0D22E2546F4FE00A362EE /* Project object */;
}
